
Microsoft Visual Studio Solution File, Format Version 12.00
# Visual Studio Version 17
VisualStudioVersion = 17.6.33723.286
MinimumVisualStudioVersion = 10.0.40219.1
Project("{FAE04EC0-301F-11D3-BF4B-00C04F79EFBC}") = "BaiTap01", "BaiTap01\BaiTap01.csproj", "{022B032D-F683-4971-9CB9-FA4E79B47646}"
EndProject
Global
	GlobalSection(SolutionConfigurationPlatforms) = preSolution
		Debug|Any CPU = Debug|Any CPU
		Release|Any CPU = Release|Any CPU
	EndGlobalSection
	GlobalSection(ProjectConfigurationPlatforms) = postSolution
		{022B032D-F683-4971-9CB9-FA4E79B47646}.Debug|Any CPU.ActiveCfg = Debug|Any CPU
		{022B032D-F683-4971-9CB9-FA4E79B47646}.Debug|Any CPU.Build.0 = Debug|Any CPU
		{022B032D-F683-4971-9CB9-FA4E79B47646}.Release|Any CPU.ActiveCfg = Release|Any CPU
		{022B032D-F683-4971-9CB9-FA4E79B47646}.Release|Any CPU.Build.0 = Release|Any CPU
	EndGlobalSection
	GlobalSection(SolutionProperties) = preSolution
		HideSolutionNode = FALSE
	EndGlobalSection
	GlobalSection(ExtensibilityGlobals) = postSolution
		SolutionGuid = {BCAA58DB-0260-4833-A714-AF89D889EE76}
	EndGlobalSection
EndGlobal
