
Microsoft Visual Studio Solution File, Format Version 12.00
# Visual Studio Version 17
VisualStudioVersion = 17.11.35222.181
MinimumVisualStudioVersion = 10.0.40219.1
Project("{FAE04EC0-301F-11D3-BF4B-00C04F79EFBC}") = "BaiKiemTra02", "BaiKiemTra02.csproj", "{0E59B81C-7CD2-4943-A89A-D6DF9C45A2C0}"
EndProject
Global
	GlobalSection(SolutionConfigurationPlatforms) = preSolution
		Debug|Any CPU = Debug|Any CPU
		Release|Any CPU = Release|Any CPU
	EndGlobalSection
	GlobalSection(ProjectConfigurationPlatforms) = postSolution
		{0E59B81C-7CD2-4943-A89A-D6DF9C45A2C0}.Debug|Any CPU.ActiveCfg = Debug|Any CPU
		{0E59B81C-7CD2-4943-A89A-D6DF9C45A2C0}.Debug|Any CPU.Build.0 = Debug|Any CPU
		{0E59B81C-7CD2-4943-A89A-D6DF9C45A2C0}.Release|Any CPU.ActiveCfg = Release|Any CPU
		{0E59B81C-7CD2-4943-A89A-D6DF9C45A2C0}.Release|Any CPU.Build.0 = Release|Any CPU
	EndGlobalSection
	GlobalSection(SolutionProperties) = preSolution
		HideSolutionNode = FALSE
	EndGlobalSection
	GlobalSection(ExtensibilityGlobals) = postSolution
		SolutionGuid = {4F6EFCBA-8A00-401B-B48B-8E88A91ED238}
	EndGlobalSection
EndGlobal
